
Microsoft Visual Studio Solution File, Format Version 12.00
# Visual Studio 15
VisualStudioVersion = 15.0.28307.572
MinimumVisualStudioVersion = 10.0.40219.1
Project("{FAE04EC0-301F-11D3-BF4B-00C04F79EFBC}") = "Opearte", "Opearte\Opearte.csproj", "{8189F074-91CE-4F8D-8BFD-82DA61CB1D5E}"
EndProject
Project("{FAE04EC0-301F-11D3-BF4B-00C04F79EFBC}") = "Opearte.Test", "Opearte.Test\Opearte.Test.csproj", "{0A2CFFF1-DB07-49E9-BFE6-F6F2660CE814}"
EndProject
Global
	GlobalSection(SolutionConfigurationPlatforms) = preSolution
		Debug|Any CPU = Debug|Any CPU
		Release|Any CPU = Release|Any CPU
	EndGlobalSection
	GlobalSection(ProjectConfigurationPlatforms) = postSolution
		{8189F074-91CE-4F8D-8BFD-82DA61CB1D5E}.Debug|Any CPU.ActiveCfg = Debug|Any CPU
		{8189F074-91CE-4F8D-8BFD-82DA61CB1D5E}.Debug|Any CPU.Build.0 = Debug|Any CPU
		{8189F074-91CE-4F8D-8BFD-82DA61CB1D5E}.Release|Any CPU.ActiveCfg = Release|Any CPU
		{8189F074-91CE-4F8D-8BFD-82DA61CB1D5E}.Release|Any CPU.Build.0 = Release|Any CPU
		{0A2CFFF1-DB07-49E9-BFE6-F6F2660CE814}.Debug|Any CPU.ActiveCfg = Debug|Any CPU
		{0A2CFFF1-DB07-49E9-BFE6-F6F2660CE814}.Debug|Any CPU.Build.0 = Debug|Any CPU
		{0A2CFFF1-DB07-49E9-BFE6-F6F2660CE814}.Release|Any CPU.ActiveCfg = Release|Any CPU
		{0A2CFFF1-DB07-49E9-BFE6-F6F2660CE814}.Release|Any CPU.Build.0 = Release|Any CPU
	EndGlobalSection
	GlobalSection(SolutionProperties) = preSolution
		HideSolutionNode = FALSE
	EndGlobalSection
	GlobalSection(ExtensibilityGlobals) = postSolution
		SolutionGuid = {5E3676F1-8472-48EA-A89B-8B60CE4951A1}
	EndGlobalSection
EndGlobal
